{
  "name": "auth_mojang.js",
  "version": "1.0.5",
  "lockfileVersion": 2,
  "requires": true,
  "packages": {
    "": {
      "name": "auth_mojang.js",
      "version": "1.0.5",
      "license": "MIT",
      "dependencies": {
        "auth_mojang.js": "^1.0.5",
        "node-fetch": "^2.6.1"
      },
      "devDependencies": {}
    },
    "node_modules/auth_mojang.js": {
      "version": "1.0.5",
      "resolved": "https://registry.npmjs.org/auth_mojang.js/-/auth_mojang.js-1.0.5.tgz",
      "integrity": "sha512-rYp6zf+HNev48uuG+ROBbT2bjBooBy7HvDD5a5RZ0/CghC/vbFp9VEr2Oe2J+2D0sFy4DC0AObKq7OAWdbCRog==",
      "dependencies": {
        "node-fetch": "^2.6.1"
      }
    },
    "node_modules/node-fetch": {
      "version": "2.6.1",
      "resolved": "https://registry.npmjs.org/node-fetch/-/node-fetch-2.6.1.tgz",
      "integrity": "sha512-V4aYg89jEoVRxRb2fJdAg8FHvI7cEyYdVAh94HH0UIK8oJxUfkjlDQN9RbMx+bEjP7+ggMiFRprSti032Oipxw==",
      "engines": {
        "node": "4.x || >=6.0.0"
      }
    }
  },
  "dependencies": {
    "auth_mojang.js": {
      "version": "1.0.5",
      "resolved": "https://registry.npmjs.org/auth_mojang.js/-/auth_mojang.js-1.0.5.tgz",
      "integrity": "sha512-rYp6zf+HNev48uuG+ROBbT2bjBooBy7HvDD5a5RZ0/CghC/vbFp9VEr2Oe2J+2D0sFy4DC0AObKq7OAWdbCRog==",
      "requires": {
        "node-fetch": "^2.6.1"
      }
    },
    "node-fetch": {
      "version": "2.6.1",
      "resolved": "https://registry.npmjs.org/node-fetch/-/node-fetch-2.6.1.tgz",
      "integrity": "sha512-V4aYg89jEoVRxRb2fJdAg8FHvI7cEyYdVAh94HH0UIK8oJxUfkjlDQN9RbMx+bEjP7+ggMiFRprSti032Oipxw=="
    }
  }
}
